// !$*UTF8*$!
{
	archiveVersion = 1;
	classes = {
	};
	objectVersion = 46;
	objects = {

/* Begin PBXBuildFile section */
		E408695B1AFE609000E25DCF /* Parse.framework in Frameworks */ = {isa = PBXBuildFile; fileRef = E408695A1AFE609000E25DCF /* Parse.framework */; };
		E40869931B103BC700E25DCF /* StudentDetailsViewController.swift in Sources */ = {isa = PBXBuildFile; fileRef = E40869921B103BC700E25DCF /* StudentDetailsViewController.swift */; };
		E42274BD1ADCA55B00AC36EA /* Bolts.framework in Frameworks */ = {isa = PBXBuildFile; fileRef = E42274BC1ADCA55B00AC36EA /* Bolts.framework */; };
		E44399411AD497A600BA12EF /* SignUpViewController.swift in Sources */ = {isa = PBXBuildFile; fileRef = E44399401AD497A600BA12EF /* SignUpViewController.swift */; };
		E443CF911ADB4C65008D69B6 /* AudioToolbox.framework in Frameworks */ = {isa = PBXBuildFile; fileRef = E4F84CB31AC8D9F800DFA142 /* AudioToolbox.framework */; };
		E443CF921ADB4C6D008D69B6 /* CFNetwork.framework in Frameworks */ = {isa = PBXBuildFile; fileRef = E4F84CB51AC8DA0800DFA142 /* CFNetwork.framework */; };
		E443CF931ADB4C80008D69B6 /* CoreGraphics.framework in Frameworks */ = {isa = PBXBuildFile; fileRef = E4F84CB71AC8DA1600DFA142 /* CoreGraphics.framework */; };
		E443CF941ADB4C89008D69B6 /* CoreLocation.framework in Frameworks */ = {isa = PBXBuildFile; fileRef = E4F84CB91AC8DA1F00DFA142 /* CoreLocation.framework */; };
		E443CF951ADB4C93008D69B6 /* MobileCoreServices.framework in Frameworks */ = {isa = PBXBuildFile; fileRef = E4F84CBB1AC8DA2A00DFA142 /* MobileCoreServices.framework */; };
		E443CF961ADB4C9A008D69B6 /* QuartzCore.framework in Frameworks */ = {isa = PBXBuildFile; fileRef = E4F84CBD1AC8DA3300DFA142 /* QuartzCore.framework */; };
		E443CF971ADB4CA2008D69B6 /* Security.framework in Frameworks */ = {isa = PBXBuildFile; fileRef = E4F84CBF1AC8DA3900DFA142 /* Security.framework */; };
		E443CF981ADB4CA8008D69B6 /* StoreKit.framework in Frameworks */ = {isa = PBXBuildFile; fileRef = E4F84CC11AC8DA4000DFA142 /* StoreKit.framework */; };
		E443CF991ADB4CB3008D69B6 /* SystemConfiguration.framework in Frameworks */ = {isa = PBXBuildFile; fileRef = E4F84CC31AC8DA4D00DFA142 /* SystemConfiguration.framework */; };
		E443CF9A1ADB4CBD008D69B6 /* libz.dylib in Frameworks */ = {isa = PBXBuildFile; fileRef = E4F84CC51AC8DA5800DFA142 /* libz.dylib */; };
		E443CF9B1ADB4CC7008D69B6 /* libsqlite3.dylib in Frameworks */ = {isa = PBXBuildFile; fileRef = E4F84CC71AC8DA6B00DFA142 /* libsqlite3.dylib */; };
		E443CFA01ADB5744008D69B6 /* Foundation.framework in Frameworks */ = {isa = PBXBuildFile; fileRef = E443CF9F1ADB5744008D69B6 /* Foundation.framework */; };
		E46B586B1B211E91007800A7 /* LaunchScreen.xib in Resources */ = {isa = PBXBuildFile; fileRef = E46B586A1B211E91007800A7 /* LaunchScreen.xib */; };
		E474F8A51AE885EF0015B467 /* Main.storyboard in Resources */ = {isa = PBXBuildFile; fileRef = E443CF8D1ADB3DF9008D69B6 /* Main.storyboard */; };
		E474F8A61AE8884F0015B467 /* Images.xcassets in Resources */ = {isa = PBXBuildFile; fileRef = E4CF5C151AB4A39400A87384 /* Images.xcassets */; };
		E4B3EB521AB6194E00F9B124 /* AddStudentViewController.swift in Sources */ = {isa = PBXBuildFile; fileRef = E4B3EB511AB6194E00F9B124 /* AddStudentViewController.swift */; };
		E4C86D541B6EBC5D000A5E33 /* Reward.swift in Sources */ = {isa = PBXBuildFile; fileRef = E4C86D531B6EBC5D000A5E33 /* Reward.swift */; };
		E4CF5C0F1AB4A39400A87384 /* AppDelegate.swift in Sources */ = {isa = PBXBuildFile; fileRef = E4CF5C0E1AB4A39400A87384 /* AppDelegate.swift */; };
		E4CF5C251AB4A39400A87384 /* VirtualRewardsNewTests.swift in Sources */ = {isa = PBXBuildFile; fileRef = E4CF5C241AB4A39400A87384 /* VirtualRewardsNewTests.swift */; };
		E4CF5C311AB4A3DC00A87384 /* VirtualRewardsClient.swift in Sources */ = {isa = PBXBuildFile; fileRef = E4CF5C301AB4A3DC00A87384 /* VirtualRewardsClient.swift */; };
		E4CF5C331AB4A3F200A87384 /* Student.swift in Sources */ = {isa = PBXBuildFile; fileRef = E4CF5C321AB4A3F200A87384 /* Student.swift */; };
		E4CF5C351AB4A3FD00A87384 /* ClassRoom.swift in Sources */ = {isa = PBXBuildFile; fileRef = E4CF5C341AB4A3FD00A87384 /* ClassRoom.swift */; };
		E4CF5C371AB4A40700A87384 /* Teacher.swift in Sources */ = {isa = PBXBuildFile; fileRef = E4CF5C361AB4A40700A87384 /* Teacher.swift */; };
		E4CF5C391AB4A6F300A87384 /* StudentsViewController.swift in Sources */ = {isa = PBXBuildFile; fileRef = E4CF5C381AB4A6F300A87384 /* StudentsViewController.swift */; };
		E4CF5C3B1AB4AF4B00A87384 /* StudentTableViewCell.swift in Sources */ = {isa = PBXBuildFile; fileRef = E4CF5C3A1AB4AF4B00A87384 /* StudentTableViewCell.swift */; };
		E4F84CCE1ACCD96D00DFA142 /* LoginViewController.swift in Sources */ = {isa = PBXBuildFile; fileRef = E4F84CCD1ACCD96D00DFA142 /* LoginViewController.swift */; };
/* End PBXBuildFile section */

/* Begin PBXContainerItemProxy section */
		E4CF5C1F1AB4A39400A87384 /* PBXContainerItemProxy */ = {
			isa = PBXContainerItemProxy;
			containerPortal = E4CF5C011AB4A39400A87384 /* Project object */;
			proxyType = 1;
			remoteGlobalIDString = E4CF5C081AB4A39400A87384;
			remoteInfo = VirtualRewardsNew;
		};
/* End PBXContainerItemProxy section */

/* Begin PBXFileReference section */
		E408695A1AFE609000E25DCF /* Parse.framework */ = {isa = PBXFileReference; lastKnownFileType = wrapper.framework; name = Parse.framework; path = "../../Downloads/parse-library-1.7.2/Parse.framework"; sourceTree = "<group>"; };
		E40869921B103BC700E25DCF /* StudentDetailsViewController.swift */ = {isa = PBXFileReference; fileEncoding = 4; lastKnownFileType = sourcecode.swift; path = StudentDetailsViewController.swift; sourceTree = "<group>"; };
		E42274B21ADB6D0600AC36EA /* parse-library-1.7.1 */ = {isa = PBXFileReference; lastKnownFileType = folder; path = "parse-library-1.7.1"; sourceTree = "<group>"; };
		E42274BA1ADCA52000AC36EA /* libstdc++.6.dylib */ = {isa = PBXFileReference; lastKnownFileType = "compiled.mach-o.dylib"; name = "libstdc++.6.dylib"; path = "usr/lib/libstdc++.6.dylib"; sourceTree = SDKROOT; };
		E42274BC1ADCA55B00AC36EA /* Bolts.framework */ = {isa = PBXFileReference; lastKnownFileType = wrapper.framework; name = Bolts.framework; path = "../../Downloads/parse-library-1.7.1 2/Bolts.framework"; sourceTree = "<group>"; };
		E44399401AD497A600BA12EF /* SignUpViewController.swift */ = {isa = PBXFileReference; fileEncoding = 4; lastKnownFileType = sourcecode.swift; path = SignUpViewController.swift; sourceTree = "<group>"; };
		E443CF8D1ADB3DF9008D69B6 /* Main.storyboard */ = {isa = PBXFileReference; fileEncoding = 4; lastKnownFileType = file.storyboard; path = Main.storyboard; sourceTree = "<group>"; };
		E443CF9F1ADB5744008D69B6 /* Foundation.framework */ = {isa = PBXFileReference; lastKnownFileType = wrapper.framework; name = Foundation.framework; path = System/Library/Frameworks/Foundation.framework; sourceTree = SDKROOT; };
		E46B586A1B211E91007800A7 /* LaunchScreen.xib */ = {isa = PBXFileReference; fileEncoding = 4; lastKnownFileType = file.xib; path = LaunchScreen.xib; sourceTree = "<group>"; };
		E4B3EB511AB6194E00F9B124 /* AddStudentViewController.swift */ = {isa = PBXFileReference; fileEncoding = 4; lastKnownFileType = sourcecode.swift; path = AddStudentViewController.swift; sourceTree = "<group>"; };
		E4C86D531B6EBC5D000A5E33 /* Reward.swift */ = {isa = PBXFileReference; fileEncoding = 4; lastKnownFileType = sourcecode.swift; path = Reward.swift; sourceTree = "<group>"; };
		E4CF5C091AB4A39400A87384 /* VirtualRewardsNew.app */ = {isa = PBXFileReference; explicitFileType = wrapper.application; includeInIndex = 0; path = VirtualRewardsNew.app; sourceTree = BUILT_PRODUCTS_DIR; };
		E4CF5C0D1AB4A39400A87384 /* Info.plist */ = {isa = PBXFileReference; lastKnownFileType = text.plist.xml; path = Info.plist; sourceTree = "<group>"; };
		E4CF5C0E1AB4A39400A87384 /* AppDelegate.swift */ = {isa = PBXFileReference; lastKnownFileType = sourcecode.swift; path = AppDelegate.swift; sourceTree = "<group>"; };
		E4CF5C151AB4A39400A87384 /* Images.xcassets */ = {isa = PBXFileReference; lastKnownFileType = folder.assetcatalog; path = Images.xcassets; sourceTree = "<group>"; };
		E4CF5C1E1AB4A39400A87384 /* VirtualRewardsNewTests.xctest */ = {isa = PBXFileReference; explicitFileType = wrapper.cfbundle; includeInIndex = 0; path = VirtualRewardsNewTests.xctest; sourceTree = BUILT_PRODUCTS_DIR; };
		E4CF5C231AB4A39400A87384 /* Info.plist */ = {isa = PBXFileReference; lastKnownFileType = text.plist.xml; path = Info.plist; sourceTree = "<group>"; };
		E4CF5C241AB4A39400A87384 /* VirtualRewardsNewTests.swift */ = {isa = PBXFileReference; lastKnownFileType = sourcecode.swift; path = VirtualRewardsNewTests.swift; sourceTree = "<group>"; };
		E4CF5C301AB4A3DC00A87384 /* VirtualRewardsClient.swift */ = {isa = PBXFileReference; fileEncoding = 4; lastKnownFileType = sourcecode.swift; path = VirtualRewardsClient.swift; sourceTree = "<group>"; };
		E4CF5C321AB4A3F200A87384 /* Student.swift */ = {isa = PBXFileReference; fileEncoding = 4; lastKnownFileType = sourcecode.swift; path = Student.swift; sourceTree = "<group>"; };
		E4CF5C341AB4A3FD00A87384 /* ClassRoom.swift */ = {isa = PBXFileReference; fileEncoding = 4; lastKnownFileType = sourcecode.swift; path = ClassRoom.swift; sourceTree = "<group>"; };
		E4CF5C361AB4A40700A87384 /* Teacher.swift */ = {isa = PBXFileReference; fileEncoding = 4; lastKnownFileType = sourcecode.swift; path = Teacher.swift; sourceTree = "<group>"; };
		E4CF5C381AB4A6F300A87384 /* StudentsViewController.swift */ = {isa = PBXFileReference; fileEncoding = 4; lastKnownFileType = sourcecode.swift; lineEnding = 0; path = StudentsViewController.swift; sourceTree = "<group>"; xcLanguageSpecificationIdentifier = xcode.lang.swift; };
		E4CF5C3A1AB4AF4B00A87384 /* StudentTableViewCell.swift */ = {isa = PBXFileReference; fileEncoding = 4; lastKnownFileType = sourcecode.swift; path = StudentTableViewCell.swift; sourceTree = "<group>"; };
		E4F84CB31AC8D9F800DFA142 /* AudioToolbox.framework */ = {isa = PBXFileReference; lastKnownFileType = wrapper.framework; name = AudioToolbox.framework; path = System/Library/Frameworks/AudioToolbox.framework; sourceTree = SDKROOT; };
		E4F84CB51AC8DA0800DFA142 /* CFNetwork.framework */ = {isa = PBXFileReference; lastKnownFileType = wrapper.framework; name = CFNetwork.framework; path = System/Library/Frameworks/CFNetwork.framework; sourceTree = SDKROOT; };
		E4F84CB71AC8DA1600DFA142 /* CoreGraphics.framework */ = {isa = PBXFileReference; lastKnownFileType = wrapper.framework; name = CoreGraphics.framework; path = System/Library/Frameworks/CoreGraphics.framework; sourceTree = SDKROOT; };
		E4F84CB91AC8DA1F00DFA142 /* CoreLocation.framework */ = {isa = PBXFileReference; lastKnownFileType = wrapper.framework; name = CoreLocation.framework; path = System/Library/Frameworks/CoreLocation.framework; sourceTree = SDKROOT; };
		E4F84CBB1AC8DA2A00DFA142 /* MobileCoreServices.framework */ = {isa = PBXFileReference; lastKnownFileType = wrapper.framework; name = MobileCoreServices.framework; path = System/Library/Frameworks/MobileCoreServices.framework; sourceTree = SDKROOT; };
		E4F84CBD1AC8DA3300DFA142 /* QuartzCore.framework */ = {isa = PBXFileReference; lastKnownFileType = wrapper.framework; name = QuartzCore.framework; path = System/Library/Frameworks/QuartzCore.framework; sourceTree = SDKROOT; };
		E4F84CBF1AC8DA3900DFA142 /* Security.framework */ = {isa = PBXFileReference; lastKnownFileType = wrapper.framework; name = Security.framework; path = System/Library/Frameworks/Security.framework; sourceTree = SDKROOT; };
		E4F84CC11AC8DA4000DFA142 /* StoreKit.framework */ = {isa = PBXFileReference; lastKnownFileType = wrapper.framework; name = StoreKit.framework; path = System/Library/Frameworks/StoreKit.framework; sourceTree = SDKROOT; };
		E4F84CC31AC8DA4D00DFA142 /* SystemConfiguration.framework */ = {isa = PBXFileReference; lastKnownFileType = wrapper.framework; name = SystemConfiguration.framework; path = System/Library/Frameworks/SystemConfiguration.framework; sourceTree = SDKROOT; };
		E4F84CC51AC8DA5800DFA142 /* libz.dylib */ = {isa = PBXFileReference; lastKnownFileType = "compiled.mach-o.dylib"; name = libz.dylib; path = usr/lib/libz.dylib; sourceTree = SDKROOT; };
		E4F84CC71AC8DA6B00DFA142 /* libsqlite3.dylib */ = {isa = PBXFileReference; lastKnownFileType = "compiled.mach-o.dylib"; name = libsqlite3.dylib; path = usr/lib/libsqlite3.dylib; sourceTree = SDKROOT; };
		E4F84CCA1AC8DBC700DFA142 /* VirtualRewardsNew-Bridging-Header.h */ = {isa = PBXFileReference; lastKnownFileType = sourcecode.c.h; path = "VirtualRewardsNew-Bridging-Header.h"; sourceTree = "<group>"; };
		E4F84CCD1ACCD96D00DFA142 /* LoginViewController.swift */ = {isa = PBXFileReference; fileEncoding = 4; lastKnownFileType = sourcecode.swift; path = LoginViewController.swift; sourceTree = "<group>"; };
/* End PBXFileReference section */

/* Begin PBXFrameworksBuildPhase section */
		E4CF5C061AB4A39400A87384 /* Frameworks */ = {
			isa = PBXFrameworksBuildPhase;
			buildActionMask = 2147483647;
			files = (
				E408695B1AFE609000E25DCF /* Parse.framework in Frameworks */,
				E443CFA01ADB5744008D69B6 /* Foundation.framework in Frameworks */,
				E443CF9B1ADB4CC7008D69B6 /* libsqlite3.dylib in Frameworks */,
				E443CF9A1ADB4CBD008D69B6 /* libz.dylib in Frameworks */,
				E443CF991ADB4CB3008D69B6 /* SystemConfiguration.framework in Frameworks */,
				E443CF981ADB4CA8008D69B6 /* StoreKit.framework in Frameworks */,
				E443CF971ADB4CA2008D69B6 /* Security.framework in Frameworks */,
				E443CF961ADB4C9A008D69B6 /* QuartzCore.framework in Frameworks */,
				E443CF951ADB4C93008D69B6 /* MobileCoreServices.framework in Frameworks */,
				E443CF941ADB4C89008D69B6 /* CoreLocation.framework in Frameworks */,
				E443CF931ADB4C80008D69B6 /* CoreGraphics.framework in Frameworks */,
				E443CF921ADB4C6D008D69B6 /* CFNetwork.framework in Frameworks */,
				E443CF911ADB4C65008D69B6 /* AudioToolbox.framework in Frameworks */,
				E42274BD1ADCA55B00AC36EA /* Bolts.framework in Frameworks */,
			);
			runOnlyForDeploymentPostprocessing = 0;
		};
		E4CF5C1B1AB4A39400A87384 /* Frameworks */ = {
			isa = PBXFrameworksBuildPhase;
			buildActionMask = 2147483647;
			files = (
			);
			runOnlyForDeploymentPostprocessing = 0;
		};
/* End PBXFrameworksBuildPhase section */

/* Begin PBXGroup section */
		E4CF5C001AB4A39400A87384 = {
			isa = PBXGroup;
			children = (
				E408695A1AFE609000E25DCF /* Parse.framework */,
				E42274BC1ADCA55B00AC36EA /* Bolts.framework */,
				E42274B21ADB6D0600AC36EA /* parse-library-1.7.1 */,
				E4F84CC91AC8DAA500DFA142 /* libraries */,
				E4CF5C2E1AB4A3A900A87384 /* API */,
				E4CF5C2F1AB4A3BB00A87384 /* Models */,
				E4CF5C0B1AB4A39400A87384 /* VirtualRewardsNew */,
				E4CF5C211AB4A39400A87384 /* VirtualRewardsNewTests */,
				E4CF5C0A1AB4A39400A87384 /* Products */,
			);
			sourceTree = "<group>";
		};
		E4CF5C0A1AB4A39400A87384 /* Products */ = {
			isa = PBXGroup;
			children = (
				E4CF5C091AB4A39400A87384 /* VirtualRewardsNew.app */,
				E4CF5C1E1AB4A39400A87384 /* VirtualRewardsNewTests.xctest */,
			);
			name = Products;
			sourceTree = "<group>";
		};
		E4CF5C0B1AB4A39400A87384 /* VirtualRewardsNew */ = {
			isa = PBXGroup;
			children = (
				E4CF5C0E1AB4A39400A87384 /* AppDelegate.swift */,
				E4CF5C381AB4A6F300A87384 /* StudentsViewController.swift */,
				E443CF8D1ADB3DF9008D69B6 /* Main.storyboard */,
				E4CF5C151AB4A39400A87384 /* Images.xcassets */,
				E4CF5C3A1AB4AF4B00A87384 /* StudentTableViewCell.swift */,
				E4B3EB511AB6194E00F9B124 /* AddStudentViewController.swift */,
				E46B586A1B211E91007800A7 /* LaunchScreen.xib */,
				E4F84CCD1ACCD96D00DFA142 /* LoginViewController.swift */,
				E44399401AD497A600BA12EF /* SignUpViewController.swift */,
				E40869921B103BC700E25DCF /* StudentDetailsViewController.swift */,
				E4CF5C0C1AB4A39400A87384 /* Supporting Files */,
				E4F84CCA1AC8DBC700DFA142 /* VirtualRewardsNew-Bridging-Header.h */,
			);
			path = VirtualRewardsNew;
			sourceTree = "<group>";
		};
		E4CF5C0C1AB4A39400A87384 /* Supporting Files */ = {
			isa = PBXGroup;
			children = (
				E4CF5C0D1AB4A39400A87384 /* Info.plist */,
			);
			name = "Supporting Files";
			sourceTree = "<group>";
		};
		E4CF5C211AB4A39400A87384 /* VirtualRewardsNewTests */ = {
			isa = PBXGroup;
			children = (
				E4CF5C241AB4A39400A87384 /* VirtualRewardsNewTests.swift */,
				E4CF5C221AB4A39400A87384 /* Supporting Files */,
			);
			path = VirtualRewardsNewTests;
			sourceTree = "<group>";
		};
		E4CF5C221AB4A39400A87384 /* Supporting Files */ = {
			isa = PBXGroup;
			children = (
				E4CF5C231AB4A39400A87384 /* Info.plist */,
			);
			name = "Supporting Files";
			sourceTree = "<group>";
		};
		E4CF5C2E1AB4A3A900A87384 /* API */ = {
			isa = PBXGroup;
			children = (
				E4CF5C301AB4A3DC00A87384 /* VirtualRewardsClient.swift */,
			);
			name = API;
			sourceTree = "<group>";
		};
		E4CF5C2F1AB4A3BB00A87384 /* Models */ = {
			isa = PBXGroup;
			children = (
				E4CF5C321AB4A3F200A87384 /* Student.swift */,
				E4CF5C341AB4A3FD00A87384 /* ClassRoom.swift */,
				E4CF5C361AB4A40700A87384 /* Teacher.swift */,
				E4C86D531B6EBC5D000A5E33 /* Reward.swift */,
			);
			name = Models;
			sourceTree = "<group>";
		};
		E4F84CC91AC8DAA500DFA142 /* libraries */ = {
			isa = PBXGroup;
			children = (
				E443CF9F1ADB5744008D69B6 /* Foundation.framework */,
				E4F84CB31AC8D9F800DFA142 /* AudioToolbox.framework */,
				E4F84CB51AC8DA0800DFA142 /* CFNetwork.framework */,
				E4F84CB71AC8DA1600DFA142 /* CoreGraphics.framework */,
				E4F84CB91AC8DA1F00DFA142 /* CoreLocation.framework */,
				E4F84CC71AC8DA6B00DFA142 /* libsqlite3.dylib */,
				E42274BA1ADCA52000AC36EA /* libstdc++.6.dylib */,
				E4F84CC51AC8DA5800DFA142 /* libz.dylib */,
				E4F84CBB1AC8DA2A00DFA142 /* MobileCoreServices.framework */,
				E4F84CBD1AC8DA3300DFA142 /* QuartzCore.framework */,
				E4F84CBF1AC8DA3900DFA142 /* Security.framework */,
				E4F84CC11AC8DA4000DFA142 /* StoreKit.framework */,
				E4F84CC31AC8DA4D00DFA142 /* SystemConfiguration.framework */,
			);
			name = libraries;
			sourceTree = "<group>";
		};
/* End PBXGroup section */

/* Begin PBXNativeTarget section */
		E4CF5C081AB4A39400A87384 /* VirtualRewardsNew */ = {
			isa = PBXNativeTarget;
			buildConfigurationList = E4CF5C281AB4A39400A87384 /* Build configuration list for PBXNativeTarget "VirtualRewardsNew" */;
			buildPhases = (
				E4CF5C051AB4A39400A87384 /* Sources */,
				E4CF5C061AB4A39400A87384 /* Frameworks */,
				E4CF5C071AB4A39400A87384 /* Resources */,
			);
			buildRules = (
			);
			dependencies = (
			);
			name = VirtualRewardsNew;
			productName = VirtualRewardsNew;
			productReference = E4CF5C091AB4A39400A87384 /* VirtualRewardsNew.app */;
			productType = "com.apple.product-type.application";
		};
		E4CF5C1D1AB4A39400A87384 /* VirtualRewardsNewTests */ = {
			isa = PBXNativeTarget;
			buildConfigurationList = E4CF5C2B1AB4A39400A87384 /* Build configuration list for PBXNativeTarget "VirtualRewardsNewTests" */;
			buildPhases = (
				E4CF5C1A1AB4A39400A87384 /* Sources */,
				E4CF5C1B1AB4A39400A87384 /* Frameworks */,
				E4CF5C1C1AB4A39400A87384 /* Resources */,
			);
			buildRules = (
			);
			dependencies = (
				E4CF5C201AB4A39400A87384 /* PBXTargetDependency */,
			);
			name = VirtualRewardsNewTests;
			productName = VirtualRewardsNewTests;
			productReference = E4CF5C1E1AB4A39400A87384 /* VirtualRewardsNewTests.xctest */;
			productType = "com.apple.product-type.bundle.unit-test";
		};
/* End PBXNativeTarget section */

/* Begin PBXProject section */
		E4CF5C011AB4A39400A87384 /* Project object */ = {
			isa = PBXProject;
			attributes = {
				LastUpgradeCheck = 0620;
				ORGANIZATIONNAME = dhruv.mangtani;
				TargetAttributes = {
					E4CF5C081AB4A39400A87384 = {
						CreatedOnToolsVersion = 6.2;
						DevelopmentTeam = W6S3G2Q5D5;
					};
					E4CF5C1D1AB4A39400A87384 = {
						CreatedOnToolsVersion = 6.2;
						TestTargetID = E4CF5C081AB4A39400A87384;
					};
				};
			};
			buildConfigurationList = E4CF5C041AB4A39400A87384 /* Build configuration list for PBXProject "VirtualRewardsNew" */;
			compatibilityVersion = "Xcode 3.2";
			developmentRegion = English;
			hasScannedForEncodings = 0;
			knownRegions = (
				en,
				Base,
				he,
			);
			mainGroup = E4CF5C001AB4A39400A87384;
			productRefGroup = E4CF5C0A1AB4A39400A87384 /* Products */;
			projectDirPath = "";
			projectRoot = "";
			targets = (
				E4CF5C081AB4A39400A87384 /* VirtualRewardsNew */,
				E4CF5C1D1AB4A39400A87384 /* VirtualRewardsNewTests */,
			);
		};
/* End PBXProject section */

/* Begin PBXResourcesBuildPhase section */
		E4CF5C071AB4A39400A87384 /* Resources */ = {
			isa = PBXResourcesBuildPhase;
			buildActionMask = 2147483647;
			files = (
				E474F8A61AE8884F0015B467 /* Images.xcassets in Resources */,
				E474F8A51AE885EF0015B467 /* Main.storyboard in Resources */,
				E46B586B1B211E91007800A7 /* LaunchScreen.xib in Resources */,
			);
			runOnlyForDeploymentPostprocessing = 0;
		};
		E4CF5C1C1AB4A39400A87384 /* Resources */ = {
			isa = PBXResourcesBuildPhase;
			buildActionMask = 2147483647;
			files = (
			);
			runOnlyForDeploymentPostprocessing = 0;
		};
/* End PBXResourcesBuildPhase section */

/* Begin PBXSourcesBuildPhase section */
		E4CF5C051AB4A39400A87384 /* Sources */ = {
			isa = PBXSourcesBuildPhase;
			buildActionMask = 2147483647;
			files = (
				E44399411AD497A600BA12EF /* SignUpViewController.swift in Sources */,
				E4B3EB521AB6194E00F9B124 /* AddStudentViewController.swift in Sources */,
				E4CF5C371AB4A40700A87384 /* Teacher.swift in Sources */,
				E4CF5C311AB4A3DC00A87384 /* VirtualRewardsClient.swift in Sources */,
				E4C86D541B6EBC5D000A5E33 /* Reward.swift in Sources */,
				E40869931B103BC700E25DCF /* StudentDetailsViewController.swift in Sources */,
				E4CF5C391AB4A6F300A87384 /* StudentsViewController.swift in Sources */,
				E4CF5C0F1AB4A39400A87384 /* AppDelegate.swift in Sources */,
				E4CF5C3B1AB4AF4B00A87384 /* StudentTableViewCell.swift in Sources */,
				E4CF5C351AB4A3FD00A87384 /* ClassRoom.swift in Sources */,
				E4F84CCE1ACCD96D00DFA142 /* LoginViewController.swift in Sources */,
				E4CF5C331AB4A3F200A87384 /* Student.swift in Sources */,
			);
			runOnlyForDeploymentPostprocessing = 0;
		};
		E4CF5C1A1AB4A39400A87384 /* Sources */ = {
			isa = PBXSourcesBuildPhase;
			buildActionMask = 2147483647;
			files = (
				E4CF5C251AB4A39400A87384 /* VirtualRewardsNewTests.swift in Sources */,
			);
			runOnlyForDeploymentPostprocessing = 0;
		};
/* End PBXSourcesBuildPhase section */

/* Begin PBXTargetDependency section */
		E4CF5C201AB4A39400A87384 /* PBXTargetDependency */ = {
			isa = PBXTargetDependency;
			target = E4CF5C081AB4A39400A87384 /* VirtualRewardsNew */;
			targetProxy = E4CF5C1F1AB4A39400A87384 /* PBXContainerItemProxy */;
		};
/* End PBXTargetDependency section */

/* Begin XCBuildConfiguration section */
		E4CF5C261AB4A39400A87384 /* Debug */ = {
			isa = XCBuildConfiguration;
			buildSettings = {
				ALWAYS_SEARCH_USER_PATHS = NO;
				CLANG_CXX_LANGUAGE_STANDARD = "gnu++0x";
				CLANG_CXX_LIBRARY = "libc++";
				CLANG_ENABLE_MODULES = YES;
				CLANG_ENABLE_OBJC_ARC = YES;
				CLANG_WARN_BOOL_CONVERSION = YES;
				CLANG_WARN_CONSTANT_CONVERSION = YES;
				CLANG_WARN_DIRECT_OBJC_ISA_USAGE = YES_ERROR;
				CLANG_WARN_EMPTY_BODY = YES;
				CLANG_WARN_ENUM_CONVERSION = YES;
				CLANG_WARN_INT_CONVERSION = YES;
				CLANG_WARN_OBJC_ROOT_CLASS = YES_ERROR;
				CLANG_WARN_UNREACHABLE_CODE = YES;
				CLANG_WARN__DUPLICATE_METHOD_MATCH = YES;
				"CODE_SIGN_IDENTITY[sdk=iphoneos*]" = "iPhone Developer";
				COPY_PHASE_STRIP = NO;
				ENABLE_STRICT_OBJC_MSGSEND = YES;
				GCC_C_LANGUAGE_STANDARD = gnu99;
				GCC_DYNAMIC_NO_PIC = NO;
				GCC_OPTIMIZATION_LEVEL = 0;
				GCC_PREPROCESSOR_DEFINITIONS = (
					"DEBUG=1",
					"$(inherited)",
				);
				GCC_SYMBOLS_PRIVATE_EXTERN = NO;
				GCC_WARN_64_TO_32_BIT_CONVERSION = YES;
				GCC_WARN_ABOUT_RETURN_TYPE = YES_ERROR;
				GCC_WARN_UNDECLARED_SELECTOR = YES;
				GCC_WARN_UNINITIALIZED_AUTOS = YES_AGGRESSIVE;
				GCC_WARN_UNUSED_FUNCTION = YES;
				GCC_WARN_UNUSED_VARIABLE = YES;
				IPHONEOS_DEPLOYMENT_TARGET = 8.2;
				MTL_ENABLE_DEBUG_INFO = YES;
				ONLY_ACTIVE_ARCH = YES;
				SDKROOT = iphoneos;
				SWIFT_OPTIMIZATION_LEVEL = "-Onone";
				TARGETED_DEVICE_FAMILY = "1,2";
			};
			name = Debug;
		};
		E4CF5C271AB4A39400A87384 /* Release */ = {
			isa = XCBuildConfiguration;
			buildSettings = {
				ALWAYS_SEARCH_USER_PATHS = NO;
				CLANG_CXX_LANGUAGE_STANDARD = "gnu++0x";
				CLANG_CXX_LIBRARY = "libc++";
				CLANG_ENABLE_MODULES = YES;
				CLANG_ENABLE_OBJC_ARC = YES;
				CLANG_WARN_BOOL_CONVERSION = YES;
				CLANG_WARN_CONSTANT_CONVERSION = YES;
				CLANG_WARN_DIRECT_OBJC_ISA_USAGE = YES_ERROR;
				CLANG_WARN_EMPTY_BODY = YES;
				CLANG_WARN_ENUM_CONVERSION = YES;
				CLANG_WARN_INT_CONVERSION = YES;
				CLANG_WARN_OBJC_ROOT_CLASS = YES_ERROR;
				CLANG_WARN_UNREACHABLE_CODE = YES;
				CLANG_WARN__DUPLICATE_METHOD_MATCH = YES;
				"CODE_SIGN_IDENTITY[sdk=iphoneos*]" = "iPhone Developer";
				COPY_PHASE_STRIP = NO;
				ENABLE_NS_ASSERTIONS = NO;
				ENABLE_STRICT_OBJC_MSGSEND = YES;
				GCC_C_LANGUAGE_STANDARD = gnu99;
				GCC_WARN_64_TO_32_BIT_CONVERSION = YES;
				GCC_WARN_ABOUT_RETURN_TYPE = YES_ERROR;
				GCC_WARN_UNDECLARED_SELECTOR = YES;
				GCC_WARN_UNINITIALIZED_AUTOS = YES_AGGRESSIVE;
				GCC_WARN_UNUSED_FUNCTION = YES;
				GCC_WARN_UNUSED_VARIABLE = YES;
				IPHONEOS_DEPLOYMENT_TARGET = 8.2;
				MTL_ENABLE_DEBUG_INFO = NO;
				SDKROOT = iphoneos;
				TARGETED_DEVICE_FAMILY = "1,2";
				VALIDATE_PRODUCT = YES;
			};
			name = Release;
		};
		E4CF5C291AB4A39400A87384 /* Debug */ = {
			isa = XCBuildConfiguration;
			buildSettings = {
				ASSETCATALOG_COMPILER_APPICON_NAME = AppIcon;
				CLANG_CXX_LIBRARY = "libc++";
				CLANG_ENABLE_MODULES = YES;
				CODE_SIGN_IDENTITY = "iPhone Developer";
				FRAMEWORK_SEARCH_PATHS = (
					"$(inherited)",
					"$(PROJECT_DIR)",
					"$(PROJECT_DIR)/parse-library-1.7.0",
					"$(PROJECT_DIR)/FacebookSDK",
					"$(PROJECT_DIR)/parse-library-1.7.1",
					"/Users/dhruvm/Downloads/parse-starter-project-1.7.1/ParseSwiftStarterProject",
					"/Users/dhruvm/Downloads/parse-library-1.7.1",
					2,
					"/Users/dhruvm/Downloads/parse-library-1.7.1",
					2,
					"/Users/dhruvm/Downloads/parse-library-1.7.1",
					2,
					"/Users/dhruvm/Downloads/parse-library-1.7.1",
					3,
					"/Users/dhruvm/Downloads/parse-library-1.7.1",
					4,
					"/Users/dhruvm/Downloads/parse-library-1.7.2",
				);
				INFOPLIST_FILE = VirtualRewardsNew/Info.plist;
				IPHONEOS_DEPLOYMENT_TARGET = 8.0;
				LD_RUNPATH_SEARCH_PATHS = "$(inherited) @executable_path/Frameworks";
				PRODUCT_NAME = "$(TARGET_NAME)";
				SWIFT_OBJC_BRIDGING_HEADER = "VirtualRewardsNew/VirtualRewardsNew-Bridging-Header.h";
				SWIFT_OPTIMIZATION_LEVEL = "-Onone";
			};
			name = Debug;
		};
		E4CF5C2A1AB4A39400A87384 /* Release */ = {
			isa = XCBuildConfiguration;
			buildSettings = {
				ASSETCATALOG_COMPILER_APPICON_NAME = AppIcon;
				CLANG_CXX_LIBRARY = "libc++";
				CLANG_ENABLE_MODULES = YES;
				CODE_SIGN_IDENTITY = "iPhone Developer";
				FRAMEWORK_SEARCH_PATHS = (
					"$(inherited)",
					"$(PROJECT_DIR)",
					"$(PROJECT_DIR)/parse-library-1.7.0",
					"$(PROJECT_DIR)/FacebookSDK",
					"$(PROJECT_DIR)/parse-library-1.7.1",
					"/Users/dhruvm/Downloads/parse-starter-project-1.7.1/ParseSwiftStarterProject",
					"/Users/dhruvm/Downloads/parse-library-1.7.1",
					2,
					"/Users/dhruvm/Downloads/parse-library-1.7.1",
					2,
					"/Users/dhruvm/Downloads/parse-library-1.7.1",
					2,
					"/Users/dhruvm/Downloads/parse-library-1.7.1",
					3,
					"/Users/dhruvm/Downloads/parse-library-1.7.1",
					4,
					"/Users/dhruvm/Downloads/parse-library-1.7.2",
				);
				INFOPLIST_FILE = VirtualRewardsNew/Info.plist;
				IPHONEOS_DEPLOYMENT_TARGET = 8.0;
				LD_RUNPATH_SEARCH_PATHS = "$(inherited) @executable_path/Frameworks";
				ONLY_ACTIVE_ARCH = NO;
				PRODUCT_NAME = "$(TARGET_NAME)";
				SWIFT_OBJC_BRIDGING_HEADER = "VirtualRewardsNew/VirtualRewardsNew-Bridging-Header.h";
			};
			name = Release;
		};
		E4CF5C2C1AB4A39400A87384 /* Debug */ = {
			isa = XCBuildConfiguration;
			buildSettings = {
				BUNDLE_LOADER = "$(TEST_HOST)";
				FRAMEWORK_SEARCH_PATHS = (
					"$(SDKROOT)/Developer/Library/Frameworks",
					"$(inherited)",
					"/Users/dhruvm/Downloads/parse-library-1.7.1",
					2,
				);
				GCC_PREPROCESSOR_DEFINITIONS = (
					"DEBUG=1",
					"$(inherited)",
				);
				INFOPLIST_FILE = VirtualRewardsNewTests/Info.plist;
				LD_RUNPATH_SEARCH_PATHS = "$(inherited) @executable_path/Frameworks @loader_path/Frameworks";
				PRODUCT_NAME = "$(TARGET_NAME)";
				TEST_HOST = "$(BUILT_PRODUCTS_DIR)/VirtualRewardsNew.app/VirtualRewardsNew";
			};
			name = Debug;
		};
		E4CF5C2D1AB4A39400A87384 /* Release */ = {
			isa = XCBuildConfiguration;
			buildSettings = {
				BUNDLE_LOADER = "$(TEST_HOST)";
				FRAMEWORK_SEARCH_PATHS = (
					"$(SDKROOT)/Developer/Library/Frameworks",
					"$(inherited)",
					"/Users/dhruvm/Downloads/parse-library-1.7.1",
					2,
				);
				INFOPLIST_FILE = VirtualRewardsNewTests/Info.plist;
				LD_RUNPATH_SEARCH_PATHS = "$(inherited) @executable_path/Frameworks @loader_path/Frameworks";
				PRODUCT_NAME = "$(TARGET_NAME)";
				TEST_HOST = "$(BUILT_PRODUCTS_DIR)/VirtualRewardsNew.app/VirtualRewardsNew";
			};
			name = Release;
		};
/* End XCBuildConfiguration section */

/* Begin XCConfigurationList section */
		E4CF5C041AB4A39400A87384 /* Build configuration list for PBXProject "VirtualRewardsNew" */ = {
			isa = XCConfigurationList;
			buildConfigurations = (
				E4CF5C261AB4A39400A87384 /* Debug */,
				E4CF5C271AB4A39400A87384 /* Release */,
			);
			defaultConfigurationIsVisible = 0;
			defaultConfigurationName = Release;
		};
		E4CF5C281AB4A39400A87384 /* Build configuration list for PBXNativeTarget "VirtualRewardsNew" */ = {
			isa = XCConfigurationList;
			buildConfigurations = (
				E4CF5C291AB4A39400A87384 /* Debug */,
				E4CF5C2A1AB4A39400A87384 /* Release */,
			);
			defaultConfigurationIsVisible = 0;
			defaultConfigurationName = Release;
		};
		E4CF5C2B1AB4A39400A87384 /* Build configuration list for PBXNativeTarget "VirtualRewardsNewTests" */ = {
			isa = XCConfigurationList;
			buildConfigurations = (
				E4CF5C2C1AB4A39400A87384 /* Debug */,
				E4CF5C2D1AB4A39400A87384 /* Release */,
			);
			defaultConfigurationIsVisible = 0;
			defaultConfigurationName = Release;
		};
/* End XCConfigurationList section */
	};
	rootObject = E4CF5C011AB4A39400A87384 /* Project object */;
}
